
Microsoft Visual Studio Solution File, Format Version 12.00
# Visual Studio 2012
Project("{FAE04EC0-301F-11D3-BF4B-00C04F79EFBC}") = "altmstest-gui", "altmstest-gui\altmstest-gui.csproj", "{B2E467E9-2E04-43BC-B51E-126D4897A4F0}"
EndProject
Project("{FAE04EC0-301F-11D3-BF4B-00C04F79EFBC}") = "Experiment", "Experiment\Experiment.csproj", "{599AE364-BF66-4136-9433-CB983244ABC2}"
EndProject
Global
	GlobalSection(SolutionConfigurationPlatforms) = preSolution
		Debug|Any CPU = Debug|Any CPU
		Release|Any CPU = Release|Any CPU
	EndGlobalSection
	GlobalSection(ProjectConfigurationPlatforms) = postSolution
		{B2E467E9-2E04-43BC-B51E-126D4897A4F0}.Debug|Any CPU.ActiveCfg = Debug|Any CPU
		{B2E467E9-2E04-43BC-B51E-126D4897A4F0}.Debug|Any CPU.Build.0 = Debug|Any CPU
		{B2E467E9-2E04-43BC-B51E-126D4897A4F0}.Release|Any CPU.ActiveCfg = Release|Any CPU
		{B2E467E9-2E04-43BC-B51E-126D4897A4F0}.Release|Any CPU.Build.0 = Release|Any CPU
		{599AE364-BF66-4136-9433-CB983244ABC2}.Debug|Any CPU.ActiveCfg = Debug|Any CPU
		{599AE364-BF66-4136-9433-CB983244ABC2}.Debug|Any CPU.Build.0 = Debug|Any CPU
		{599AE364-BF66-4136-9433-CB983244ABC2}.Release|Any CPU.ActiveCfg = Release|Any CPU
		{599AE364-BF66-4136-9433-CB983244ABC2}.Release|Any CPU.Build.0 = Release|Any CPU
	EndGlobalSection
	GlobalSection(SolutionProperties) = preSolution
		HideSolutionNode = FALSE
	EndGlobalSection
EndGlobal
